
Microsoft Visual Studio Solution File, Format Version 12.00
# Visual Studio Version 16
VisualStudioVersion = 16.0.31321.278
MinimumVisualStudioVersion = 10.0.40219.1
Project("{FAE04EC0-301F-11D3-BF4B-00C04F79EFBC}") = "VisitantesBack", "VisitantesBack\VisitantesBack.csproj", "{CED9F18A-6ACC-419F-B5D4-535D718B2CA4}"
EndProject
Global
	GlobalSection(SolutionConfigurationPlatforms) = preSolution
		Debug|Any CPU = Debug|Any CPU
		Release|Any CPU = Release|Any CPU
	EndGlobalSection
	GlobalSection(ProjectConfigurationPlatforms) = postSolution
		{CED9F18A-6ACC-419F-B5D4-535D718B2CA4}.Debug|Any CPU.ActiveCfg = Debug|Any CPU
		{CED9F18A-6ACC-419F-B5D4-535D718B2CA4}.Debug|Any CPU.Build.0 = Debug|Any CPU
		{CED9F18A-6ACC-419F-B5D4-535D718B2CA4}.Release|Any CPU.ActiveCfg = Release|Any CPU
		{CED9F18A-6ACC-419F-B5D4-535D718B2CA4}.Release|Any CPU.Build.0 = Release|Any CPU
	EndGlobalSection
	GlobalSection(SolutionProperties) = preSolution
		HideSolutionNode = FALSE
	EndGlobalSection
	GlobalSection(ExtensibilityGlobals) = postSolution
		SolutionGuid = {F8466E73-DD4F-4BB3-B3B9-1AA6D2AA42FA}
	EndGlobalSection
EndGlobal
